
Microsoft Visual Studio Solution File, Format Version 12.00
# Visual Studio Version 16
VisualStudioVersion = 16.0.29709.97
MinimumVisualStudioVersion = 10.0.40219.1
Project("{FAE04EC0-301F-11D3-BF4B-00C04F79EFBC}") = "Ch10CardLib", "Ch10CardLib\Ch10CardLib.csproj", "{7EDB0CDF-570F-492D-8500-D1C91A7697AD}"
EndProject
Project("{FAE04EC0-301F-11D3-BF4B-00C04F79EFBC}") = "Ch10CardClient", "..\Ch10CardClient\Ch10CardClient.csproj", "{DC08A929-9FE4-43A5-8A18-DF1F97387332}"
EndProject
Project("{FAE04EC0-301F-11D3-BF4B-00C04F79EFBC}") = "Ch10FiveCardClient", "..\Ch10FiveCardClient\Ch10FiveCardClient.csproj", "{03E27A40-2513-4626-800C-EBF2F18E809B}"
EndProject
Global
	GlobalSection(SolutionConfigurationPlatforms) = preSolution
		Debug|Any CPU = Debug|Any CPU
		Release|Any CPU = Release|Any CPU
	EndGlobalSection
	GlobalSection(ProjectConfigurationPlatforms) = postSolution
		{7EDB0CDF-570F-492D-8500-D1C91A7697AD}.Debug|Any CPU.ActiveCfg = Debug|Any CPU
		{7EDB0CDF-570F-492D-8500-D1C91A7697AD}.Debug|Any CPU.Build.0 = Debug|Any CPU
		{7EDB0CDF-570F-492D-8500-D1C91A7697AD}.Release|Any CPU.ActiveCfg = Release|Any CPU
		{7EDB0CDF-570F-492D-8500-D1C91A7697AD}.Release|Any CPU.Build.0 = Release|Any CPU
		{DC08A929-9FE4-43A5-8A18-DF1F97387332}.Debug|Any CPU.ActiveCfg = Debug|Any CPU
		{DC08A929-9FE4-43A5-8A18-DF1F97387332}.Debug|Any CPU.Build.0 = Debug|Any CPU
		{DC08A929-9FE4-43A5-8A18-DF1F97387332}.Release|Any CPU.ActiveCfg = Release|Any CPU
		{DC08A929-9FE4-43A5-8A18-DF1F97387332}.Release|Any CPU.Build.0 = Release|Any CPU
		{03E27A40-2513-4626-800C-EBF2F18E809B}.Debug|Any CPU.ActiveCfg = Debug|Any CPU
		{03E27A40-2513-4626-800C-EBF2F18E809B}.Debug|Any CPU.Build.0 = Debug|Any CPU
		{03E27A40-2513-4626-800C-EBF2F18E809B}.Release|Any CPU.ActiveCfg = Release|Any CPU
		{03E27A40-2513-4626-800C-EBF2F18E809B}.Release|Any CPU.Build.0 = Release|Any CPU
	EndGlobalSection
	GlobalSection(SolutionProperties) = preSolution
		HideSolutionNode = FALSE
	EndGlobalSection
	GlobalSection(ExtensibilityGlobals) = postSolution
		SolutionGuid = {9B44A507-8FD0-464B-BA5D-8E36A5147BD9}
	EndGlobalSection
EndGlobal
